
Microsoft Visual Studio Solution File, Format Version 12.00
# Visual Studio Version 17
VisualStudioVersion = 17.11.35222.181
MinimumVisualStudioVersion = 10.0.40219.1
Project("{FAE04EC0-301F-11D3-BF4B-00C04F79EFBC}") = "Luftfahrzeug", "Luftfahrzeug\Luftfahrzeug.csproj", "{90DC694D-A645-43FA-A692-BF1856CF68D8}"
EndProject
Global
	GlobalSection(SolutionConfigurationPlatforms) = preSolution
		Debug|Any CPU = Debug|Any CPU
		Release|Any CPU = Release|Any CPU
	EndGlobalSection
	GlobalSection(ProjectConfigurationPlatforms) = postSolution
		{90DC694D-A645-43FA-A692-BF1856CF68D8}.Debug|Any CPU.ActiveCfg = Debug|Any CPU
		{90DC694D-A645-43FA-A692-BF1856CF68D8}.Debug|Any CPU.Build.0 = Debug|Any CPU
		{90DC694D-A645-43FA-A692-BF1856CF68D8}.Release|Any CPU.ActiveCfg = Release|Any CPU
		{90DC694D-A645-43FA-A692-BF1856CF68D8}.Release|Any CPU.Build.0 = Release|Any CPU
	EndGlobalSection
	GlobalSection(SolutionProperties) = preSolution
		HideSolutionNode = FALSE
	EndGlobalSection
	GlobalSection(ExtensibilityGlobals) = postSolution
		SolutionGuid = {8AEB0285-5312-4118-ADAB-34B0792E8CA0}
	EndGlobalSection
EndGlobal
